
Microsoft Visual Studio Solution File, Format Version 12.00
# Visual Studio Version 16
VisualStudioVersion = 16.0.31729.503
MinimumVisualStudioVersion = 10.0.40219.1
Project("{FAE04EC0-301F-11D3-BF4B-00C04F79EFBC}") = "TestiWebApi", "TestiWebApi.csproj", "{5D206E7D-B117-4925-98B4-F39D18C268B0}"
EndProject
Global
	GlobalSection(SolutionConfigurationPlatforms) = preSolution
		Debug|Any CPU = Debug|Any CPU
		Release|Any CPU = Release|Any CPU
	EndGlobalSection
	GlobalSection(ProjectConfigurationPlatforms) = postSolution
		{5D206E7D-B117-4925-98B4-F39D18C268B0}.Debug|Any CPU.ActiveCfg = Debug|Any CPU
		{5D206E7D-B117-4925-98B4-F39D18C268B0}.Debug|Any CPU.Build.0 = Debug|Any CPU
		{5D206E7D-B117-4925-98B4-F39D18C268B0}.Release|Any CPU.ActiveCfg = Release|Any CPU
		{5D206E7D-B117-4925-98B4-F39D18C268B0}.Release|Any CPU.Build.0 = Release|Any CPU
	EndGlobalSection
	GlobalSection(SolutionProperties) = preSolution
		HideSolutionNode = FALSE
	EndGlobalSection
	GlobalSection(ExtensibilityGlobals) = postSolution
		SolutionGuid = {5532A761-3727-4BF5-B472-01190B82FFE4}
	EndGlobalSection
EndGlobal
